# This file is automatically @generated by Cargo.
# It is not intended for manual editing.
version = 3

[[package]]
name = "chapter_00"
version = "0.1.0"

[[package]]
name = "chapter_01"
version = "0.1.0"

[[package]]
name = "chapter_02"
version = "0.1.0"

[[package]]
name = "chapter_02_a"
version = "0.1.0"

[[package]]
name = "cracking_codes"
version = "0.1.0"
dependencies = [
 "chapter_00",
 "chapter_01",
 "chapter_02",
 "chapter_02_a",
]
